
Microsoft Visual Studio Solution File, Format Version 12.00
# Visual Studio Version 17
VisualStudioVersion = 17.11.35222.181
MinimumVisualStudioVersion = 10.0.40219.1
Project("{FAE04EC0-301F-11D3-BF4B-00C04F79EFBC}") = "A_232410101042_utspbo", "A_232410101042_utspbo.csproj", "{582368DE-0CC2-46A0-85FC-D486BCC3AEA6}"
EndProject
Global
	GlobalSection(SolutionConfigurationPlatforms) = preSolution
		Debug|Any CPU = Debug|Any CPU
		Release|Any CPU = Release|Any CPU
	EndGlobalSection
	GlobalSection(ProjectConfigurationPlatforms) = postSolution
		{582368DE-0CC2-46A0-85FC-D486BCC3AEA6}.Debug|Any CPU.ActiveCfg = Debug|Any CPU
		{582368DE-0CC2-46A0-85FC-D486BCC3AEA6}.Debug|Any CPU.Build.0 = Debug|Any CPU
		{582368DE-0CC2-46A0-85FC-D486BCC3AEA6}.Release|Any CPU.ActiveCfg = Release|Any CPU
		{582368DE-0CC2-46A0-85FC-D486BCC3AEA6}.Release|Any CPU.Build.0 = Release|Any CPU
	EndGlobalSection
	GlobalSection(SolutionProperties) = preSolution
		HideSolutionNode = FALSE
	EndGlobalSection
	GlobalSection(ExtensibilityGlobals) = postSolution
		SolutionGuid = {F496FAA3-AB0C-4429-A2BD-2033988E4AFF}
	EndGlobalSection
EndGlobal
